{
    "version": 3,
    "terraform_version": "0.9.6",
    "serial": 1,
    "lineage": "82b88ce9-00aa-4c1b-982f-bab493bbbd38",
    "modules": [
        {
            "path": [
                "root"
            ],
            "outputs": {},
            "resources": {
                "aws_cloudfront_origin_access_identity.origin_access_identity": {
                    "type": "aws_cloudfront_origin_access_identity",
                    "depends_on": [],
                    "primary": {
                        "id": "E3G7WKIIE6GABB",
                        "attributes": {
                            "caller_reference": "2017-11-04T07:49:48.4492973-05:00",
                            "cloudfront_access_identity_path": "origin-access-identity/cloudfront/E3G7WKIIE6GABB",
                            "comment": "Some comment",
                            "etag": "E2XZ1IAN5LY37M",
                            "iam_arn": "arn:aws:iam::cloudfront:user/CloudFront Origin Access Identity E3G7WKIIE6GABB",
                            "id": "E3G7WKIIE6GABB",
                            "s3_canonical_user_id": "2660186b7a735eda43e30b97996962b50cb896dfe7cc2df85e2140eae63450403d5b869579577948e1494690c1e96d09"
                        },
                        "meta": {},
                        "tainted": false
                    },
                    "deposed": [],
                    "provider": ""
                },
                "data.aws_iam_policy_document.website_policy": {
                    "type": "aws_iam_policy_document",
                    "depends_on": [
                        "aws_cloudfront_origin_access_identity.origin_access_identity"
                    ],
                    "primary": {
                        "id": "1889644972",
                        "attributes": {
                            "id": "1889644972",
                            "json": "{\n  \"Version\": \"2012-10-17\",\n  \"Statement\": [\n    {\n      \"Sid\": \"\",\n      \"Effect\": \"Allow\",\n      \"Action\": \"s3:GetObject\",\n      \"Resource\": \"arn:aws:s3:::Opendoorsitebucket/*\",\n      \"Principal\": {\n        \"AWS\": \"arn:aws:iam::cloudfront:user/CloudFront Origin Access Identity E3G7WKIIE6GABB\"\n      }\n    }\n  ]\n}",
                            "statement.#": "1",
                            "statement.0.actions.#": "1",
                            "statement.0.actions.2071725391": "s3:GetObject",
                            "statement.0.condition.#": "0",
                            "statement.0.effect": "Allow",
                            "statement.0.not_actions.#": "0",
                            "statement.0.not_principals.#": "0",
                            "statement.0.not_resources.#": "0",
                            "statement.0.principals.#": "1",
                            "statement.0.principals.4073283911.identifiers.#": "1",
                            "statement.0.principals.4073283911.identifiers.578067968": "arn:aws:iam::cloudfront:user/CloudFront Origin Access Identity E3G7WKIIE6GABB",
                            "statement.0.principals.4073283911.type": "AWS",
                            "statement.0.resources.#": "1",
                            "statement.0.resources.3405377506": "arn:aws:s3:::Opendoorsitebucket/*",
                            "statement.0.sid": ""
                        },
                        "meta": {},
                        "tainted": false
                    },
                    "deposed": [],
                    "provider": ""
                }
            },
            "depends_on": []
        }
    ]
}
